
Microsoft Visual Studio Solution File, Format Version 12.00
# Visual Studio 2012
Project("{F2A71F9B-5D33-465A-A702-920D77279786}") = "Eurler4", "Eurler4\Eurler4.fsproj", "{23F7527C-1222-4C0E-9D4B-EDFAF27F99C1}"
EndProject
Global
	GlobalSection(SolutionConfigurationPlatforms) = preSolution
		Debug|Any CPU = Debug|Any CPU
		Release|Any CPU = Release|Any CPU
	EndGlobalSection
	GlobalSection(ProjectConfigurationPlatforms) = postSolution
		{23F7527C-1222-4C0E-9D4B-EDFAF27F99C1}.Debug|Any CPU.ActiveCfg = Debug|Any CPU
		{23F7527C-1222-4C0E-9D4B-EDFAF27F99C1}.Debug|Any CPU.Build.0 = Debug|Any CPU
		{23F7527C-1222-4C0E-9D4B-EDFAF27F99C1}.Release|Any CPU.ActiveCfg = Release|Any CPU
		{23F7527C-1222-4C0E-9D4B-EDFAF27F99C1}.Release|Any CPU.Build.0 = Release|Any CPU
	EndGlobalSection
	GlobalSection(SolutionProperties) = preSolution
		HideSolutionNode = FALSE
	EndGlobalSection
EndGlobal
