
Microsoft Visual Studio Solution File, Format Version 11.00
# Visual Studio 2010
Project("{4925A630-B079-445d-BCD4-3A9C94FE9307}") = "Euler5", "Euler5\Euler5.fsproj", "{DE0C5E40-FDD4-4CEC-B832-DBA2ABC37506}"
EndProject
Global
	GlobalSection(SolutionConfigurationPlatforms) = preSolution
		Debug|Any CPU = Debug|Any CPU
		Release|Any CPU = Release|Any CPU
	EndGlobalSection
	GlobalSection(ProjectConfigurationPlatforms) = postSolution
		{DE0C5E40-FDD4-4CEC-B832-DBA2ABC37506}.Debug|Any CPU.ActiveCfg = Debug|Any CPU
		{DE0C5E40-FDD4-4CEC-B832-DBA2ABC37506}.Debug|Any CPU.Build.0 = Debug|Any CPU
		{DE0C5E40-FDD4-4CEC-B832-DBA2ABC37506}.Release|Any CPU.ActiveCfg = Release|Any CPU
		{DE0C5E40-FDD4-4CEC-B832-DBA2ABC37506}.Release|Any CPU.Build.0 = Release|Any CPU
	EndGlobalSection
	GlobalSection(MonoDevelopProperties) = preSolution
		StartupItem = Euler5\Euler5.fsproj
	EndGlobalSection
EndGlobal
